github.com/sendgrid/rest v2.4.1+incompatible h1:HDib/5xzQREPq34lN3YMhQtMkdXxS/qLp5G3k9a5++4=
github.com/sendgrid/rest v2.4.1+incompatible/go.mod h1:kXX7q3jZtJXK5c5qK83bSGMdV6tsOE70KbHoqJls4lE=
gopkg.in/check.v1 v0.0.0-20161208181325-20d25e280405/go.mod h1:Co6ibVJAznAaIkqp8huTwlJQCZ016jof/cbN4VW5Yz0=
gopkg.in/yaml.v3 v3.0.0-20191120175047-4206685974f2 h1:XZx7nhd5GMaZpmDaEHFVafUZC7ya0fuo7cSJ3UCKYmM=
gopkg.in/yaml.v3 v3.0.0-20191120175047-4206685974f2/go.mod h1:K4uyk7z7BCEPqu6E+C64Yfv1cQ7kz7rIZviUmN+EgEM=
